
Microsoft Visual Studio Solution File, Format Version 12.00
# Visual Studio Version 16
VisualStudioVersion = 16.0.31205.134
MinimumVisualStudioVersion = 10.0.40219.1
Project("{8BC9CEB8-8B4A-11D0-8D11-00A0C91BC942}") = "Clase2", "Clase2\Clase2.vcxproj", "{73FCF8E7-E057-4316-B201-F57431E4CD00}"
EndProject
Project("{8BC9CEB8-8B4A-11D0-8D11-00A0C91BC942}") = "Clase3", "Clase3\Clase3.vcxproj", "{F758DCD1-B2B5-41DE-8493-D40CA23A4B6C}"
EndProject
Project("{8BC9CEB8-8B4A-11D0-8D11-00A0C91BC942}") = "Clase4", "Clase4\Clase4.vcxproj", "{AD7391C6-0289-4A09-B861-D0B237C23F49}"
EndProject
Project("{8BC9CEB8-8B4A-11D0-8D11-00A0C91BC942}") = "Clase5", "Clase5\Clase5.vcxproj", "{87023094-7F73-460F-A140-0CFD680C36FC}"
EndProject
Project("{8BC9CEB8-8B4A-11D0-8D11-00A0C91BC942}") = "Clase6", "Clase6\Clase6.vcxproj", "{D621EC62-E288-45A9-AD74-04A9B758199C}"
EndProject
Project("{8BC9CEB8-8B4A-11D0-8D11-00A0C91BC942}") = "Clase7", "Clase7\Clase7.vcxproj", "{95CBA109-7416-4EBE-899A-9DEFEBA2FDA6}"
EndProject
Global
	GlobalSection(SolutionConfigurationPlatforms) = preSolution
		Debug|x64 = Debug|x64
		Debug|x86 = Debug|x86
		Release|x64 = Release|x64
		Release|x86 = Release|x86
	EndGlobalSection
	GlobalSection(ProjectConfigurationPlatforms) = postSolution
		{73FCF8E7-E057-4316-B201-F57431E4CD00}.Debug|x64.ActiveCfg = Debug|x64
		{73FCF8E7-E057-4316-B201-F57431E4CD00}.Debug|x64.Build.0 = Debug|x64
		{73FCF8E7-E057-4316-B201-F57431E4CD00}.Debug|x86.ActiveCfg = Debug|Win32
		{73FCF8E7-E057-4316-B201-F57431E4CD00}.Debug|x86.Build.0 = Debug|Win32
		{73FCF8E7-E057-4316-B201-F57431E4CD00}.Release|x64.ActiveCfg = Release|x64
		{73FCF8E7-E057-4316-B201-F57431E4CD00}.Release|x64.Build.0 = Release|x64
		{73FCF8E7-E057-4316-B201-F57431E4CD00}.Release|x86.ActiveCfg = Release|Win32
		{73FCF8E7-E057-4316-B201-F57431E4CD00}.Release|x86.Build.0 = Release|Win32
		{F758DCD1-B2B5-41DE-8493-D40CA23A4B6C}.Debug|x64.ActiveCfg = Debug|x64
		{F758DCD1-B2B5-41DE-8493-D40CA23A4B6C}.Debug|x64.Build.0 = Debug|x64
		{F758DCD1-B2B5-41DE-8493-D40CA23A4B6C}.Debug|x86.ActiveCfg = Debug|Win32
		{F758DCD1-B2B5-41DE-8493-D40CA23A4B6C}.Debug|x86.Build.0 = Debug|Win32
		{F758DCD1-B2B5-41DE-8493-D40CA23A4B6C}.Release|x64.ActiveCfg = Release|x64
		{F758DCD1-B2B5-41DE-8493-D40CA23A4B6C}.Release|x64.Build.0 = Release|x64
		{F758DCD1-B2B5-41DE-8493-D40CA23A4B6C}.Release|x86.ActiveCfg = Release|Win32
		{F758DCD1-B2B5-41DE-8493-D40CA23A4B6C}.Release|x86.Build.0 = Release|Win32
		{AD7391C6-0289-4A09-B861-D0B237C23F49}.Debug|x64.ActiveCfg = Debug|x64
		{AD7391C6-0289-4A09-B861-D0B237C23F49}.Debug|x64.Build.0 = Debug|x64
		{AD7391C6-0289-4A09-B861-D0B237C23F49}.Debug|x86.ActiveCfg = Debug|Win32
		{AD7391C6-0289-4A09-B861-D0B237C23F49}.Debug|x86.Build.0 = Debug|Win32
		{AD7391C6-0289-4A09-B861-D0B237C23F49}.Release|x64.ActiveCfg = Release|x64
		{AD7391C6-0289-4A09-B861-D0B237C23F49}.Release|x64.Build.0 = Release|x64
		{AD7391C6-0289-4A09-B861-D0B237C23F49}.Release|x86.ActiveCfg = Release|Win32
		{AD7391C6-0289-4A09-B861-D0B237C23F49}.Release|x86.Build.0 = Release|Win32
		{87023094-7F73-460F-A140-0CFD680C36FC}.Debug|x64.ActiveCfg = Debug|x64
		{87023094-7F73-460F-A140-0CFD680C36FC}.Debug|x64.Build.0 = Debug|x64
		{87023094-7F73-460F-A140-0CFD680C36FC}.Debug|x86.ActiveCfg = Debug|Win32
		{87023094-7F73-460F-A140-0CFD680C36FC}.Debug|x86.Build.0 = Debug|Win32
		{87023094-7F73-460F-A140-0CFD680C36FC}.Release|x64.ActiveCfg = Release|x64
		{87023094-7F73-460F-A140-0CFD680C36FC}.Release|x64.Build.0 = Release|x64
		{87023094-7F73-460F-A140-0CFD680C36FC}.Release|x86.ActiveCfg = Release|Win32
		{87023094-7F73-460F-A140-0CFD680C36FC}.Release|x86.Build.0 = Release|Win32
		{D621EC62-E288-45A9-AD74-04A9B758199C}.Debug|x64.ActiveCfg = Debug|x64
		{D621EC62-E288-45A9-AD74-04A9B758199C}.Debug|x64.Build.0 = Debug|x64
		{D621EC62-E288-45A9-AD74-04A9B758199C}.Debug|x86.ActiveCfg = Debug|Win32
		{D621EC62-E288-45A9-AD74-04A9B758199C}.Debug|x86.Build.0 = Debug|Win32
		{D621EC62-E288-45A9-AD74-04A9B758199C}.Release|x64.ActiveCfg = Release|x64
		{D621EC62-E288-45A9-AD74-04A9B758199C}.Release|x64.Build.0 = Release|x64
		{D621EC62-E288-45A9-AD74-04A9B758199C}.Release|x86.ActiveCfg = Release|Win32
		{D621EC62-E288-45A9-AD74-04A9B758199C}.Release|x86.Build.0 = Release|Win32
		{95CBA109-7416-4EBE-899A-9DEFEBA2FDA6}.Debug|x64.ActiveCfg = Debug|x64
		{95CBA109-7416-4EBE-899A-9DEFEBA2FDA6}.Debug|x64.Build.0 = Debug|x64
		{95CBA109-7416-4EBE-899A-9DEFEBA2FDA6}.Debug|x86.ActiveCfg = Debug|Win32
		{95CBA109-7416-4EBE-899A-9DEFEBA2FDA6}.Debug|x86.Build.0 = Debug|Win32
		{95CBA109-7416-4EBE-899A-9DEFEBA2FDA6}.Release|x64.ActiveCfg = Release|x64
		{95CBA109-7416-4EBE-899A-9DEFEBA2FDA6}.Release|x64.Build.0 = Release|x64
		{95CBA109-7416-4EBE-899A-9DEFEBA2FDA6}.Release|x86.ActiveCfg = Release|Win32
		{95CBA109-7416-4EBE-899A-9DEFEBA2FDA6}.Release|x86.Build.0 = Release|Win32
	EndGlobalSection
	GlobalSection(SolutionProperties) = preSolution
		HideSolutionNode = FALSE
	EndGlobalSection
	GlobalSection(ExtensibilityGlobals) = postSolution
		SolutionGuid = {AE993222-5F5E-4B6F-8AEC-16295A38DA36}
	EndGlobalSection
EndGlobal
